
Microsoft Visual Studio Solution File, Format Version 12.00
# Visual Studio Version 16
VisualStudioVersion = 16.0.31702.278
MinimumVisualStudioVersion = 10.0.40219.1
Project("{8BC9CEB8-8B4A-11D0-8D11-00A0C91BC942}") = "Sun Position with Energy Conservation", "Sun Position with Energy Conservation\Sun Position with Energy Conservation.vcxproj", "{DFBB82F8-FDBB-45E0-B4EA-FD81F0542916}"
EndProject
Global
	GlobalSection(SolutionConfigurationPlatforms) = preSolution
		Debug|x64 = Debug|x64
		Debug|x86 = Debug|x86
		Release|x64 = Release|x64
		Release|x86 = Release|x86
	EndGlobalSection
	GlobalSection(ProjectConfigurationPlatforms) = postSolution
		{DFBB82F8-FDBB-45E0-B4EA-FD81F0542916}.Debug|x64.ActiveCfg = Debug|x64
		{DFBB82F8-FDBB-45E0-B4EA-FD81F0542916}.Debug|x64.Build.0 = Debug|x64
		{DFBB82F8-FDBB-45E0-B4EA-FD81F0542916}.Debug|x86.ActiveCfg = Debug|Win32
		{DFBB82F8-FDBB-45E0-B4EA-FD81F0542916}.Debug|x86.Build.0 = Debug|Win32
		{DFBB82F8-FDBB-45E0-B4EA-FD81F0542916}.Release|x64.ActiveCfg = Release|x64
		{DFBB82F8-FDBB-45E0-B4EA-FD81F0542916}.Release|x64.Build.0 = Release|x64
		{DFBB82F8-FDBB-45E0-B4EA-FD81F0542916}.Release|x86.ActiveCfg = Release|Win32
		{DFBB82F8-FDBB-45E0-B4EA-FD81F0542916}.Release|x86.Build.0 = Release|Win32
	EndGlobalSection
	GlobalSection(SolutionProperties) = preSolution
		HideSolutionNode = FALSE
	EndGlobalSection
	GlobalSection(ExtensibilityGlobals) = postSolution
		SolutionGuid = {F0262413-7949-4B3A-B0D6-7A1167FE52E8}
	EndGlobalSection
EndGlobal
